
Microsoft Visual Studio Solution File, Format Version 12.00
# Visual Studio 15
VisualStudioVersion = 15.0.27703.2035
MinimumVisualStudioVersion = 10.0.40219.1
Project("{FAE04EC0-301F-11D3-BF4B-00C04F79EFBC}") = "LibProject.Client", "LibProject.Client\LibProject.Client.csproj", "{8D0FEF16-4B90-4C17-8888-60C42413D731}"
EndProject
Project("{FAE04EC0-301F-11D3-BF4B-00C04F79EFBC}") = "LibProject.Models", "LibProject.Models\LibProject.Models.csproj", "{47FCFAD3-0F0A-4D04-BF2F-3ED0CFB4C8D9}"
EndProject
Project("{FAE04EC0-301F-11D3-BF4B-00C04F79EFBC}") = "LibProject.BL", "LibProject.BL\LibProject.BL.csproj", "{1AF84D55-50CE-4A1C-83B5-2D9731DBF9A0}"
EndProject
Project("{FAE04EC0-301F-11D3-BF4B-00C04F79EFBC}") = "LibProject.Interfaces", "LibProject.Interfaces\LibProject.Interfaces.csproj", "{81A9FC63-E9A7-4FA0-BA67-0DEEF17D2E82}"
EndProject
Project("{FAE04EC0-301F-11D3-BF4B-00C04F79EFBC}") = "LibProject.Exceptions", "LibProject.Exceptions\LibProject.Exceptions.csproj", "{47629830-C736-42BF-B1EF-0758E29D7772}"
EndProject
Project("{FAE04EC0-301F-11D3-BF4B-00C04F79EFBC}") = "LibProject.Globals", "LibProject.Globals\LibProject.Globals.csproj", "{B0D1A258-A359-42B2-8A3F-7343B042A170}"
EndProject
Global
	GlobalSection(SolutionConfigurationPlatforms) = preSolution
		Debug|Any CPU = Debug|Any CPU
		Debug|ARM = Debug|ARM
		Debug|x64 = Debug|x64
		Debug|x86 = Debug|x86
		Release|Any CPU = Release|Any CPU
		Release|ARM = Release|ARM
		Release|x64 = Release|x64
		Release|x86 = Release|x86
	EndGlobalSection
	GlobalSection(ProjectConfigurationPlatforms) = postSolution
		{8D0FEF16-4B90-4C17-8888-60C42413D731}.Debug|Any CPU.ActiveCfg = Debug|x86
		{8D0FEF16-4B90-4C17-8888-60C42413D731}.Debug|ARM.ActiveCfg = Debug|ARM
		{8D0FEF16-4B90-4C17-8888-60C42413D731}.Debug|ARM.Build.0 = Debug|ARM
		{8D0FEF16-4B90-4C17-8888-60C42413D731}.Debug|ARM.Deploy.0 = Debug|ARM
		{8D0FEF16-4B90-4C17-8888-60C42413D731}.Debug|x64.ActiveCfg = Debug|x64
		{8D0FEF16-4B90-4C17-8888-60C42413D731}.Debug|x64.Build.0 = Debug|x64
		{8D0FEF16-4B90-4C17-8888-60C42413D731}.Debug|x64.Deploy.0 = Debug|x64
		{8D0FEF16-4B90-4C17-8888-60C42413D731}.Debug|x86.ActiveCfg = Debug|x86
		{8D0FEF16-4B90-4C17-8888-60C42413D731}.Debug|x86.Build.0 = Debug|x86
		{8D0FEF16-4B90-4C17-8888-60C42413D731}.Debug|x86.Deploy.0 = Debug|x86
		{8D0FEF16-4B90-4C17-8888-60C42413D731}.Release|Any CPU.ActiveCfg = Release|x86
		{8D0FEF16-4B90-4C17-8888-60C42413D731}.Release|ARM.ActiveCfg = Release|ARM
		{8D0FEF16-4B90-4C17-8888-60C42413D731}.Release|ARM.Build.0 = Release|ARM
		{8D0FEF16-4B90-4C17-8888-60C42413D731}.Release|ARM.Deploy.0 = Release|ARM
		{8D0FEF16-4B90-4C17-8888-60C42413D731}.Release|x64.ActiveCfg = Release|x64
		{8D0FEF16-4B90-4C17-8888-60C42413D731}.Release|x64.Build.0 = Release|x64
		{8D0FEF16-4B90-4C17-8888-60C42413D731}.Release|x64.Deploy.0 = Release|x64
		{8D0FEF16-4B90-4C17-8888-60C42413D731}.Release|x86.ActiveCfg = Release|x86
		{8D0FEF16-4B90-4C17-8888-60C42413D731}.Release|x86.Build.0 = Release|x86
		{8D0FEF16-4B90-4C17-8888-60C42413D731}.Release|x86.Deploy.0 = Release|x86
		{47FCFAD3-0F0A-4D04-BF2F-3ED0CFB4C8D9}.Debug|Any CPU.ActiveCfg = Debug|Any CPU
		{47FCFAD3-0F0A-4D04-BF2F-3ED0CFB4C8D9}.Debug|Any CPU.Build.0 = Debug|Any CPU
		{47FCFAD3-0F0A-4D04-BF2F-3ED0CFB4C8D9}.Debug|ARM.ActiveCfg = Debug|ARM
		{47FCFAD3-0F0A-4D04-BF2F-3ED0CFB4C8D9}.Debug|ARM.Build.0 = Debug|ARM
		{47FCFAD3-0F0A-4D04-BF2F-3ED0CFB4C8D9}.Debug|x64.ActiveCfg = Debug|x64
		{47FCFAD3-0F0A-4D04-BF2F-3ED0CFB4C8D9}.Debug|x64.Build.0 = Debug|x64
		{47FCFAD3-0F0A-4D04-BF2F-3ED0CFB4C8D9}.Debug|x86.ActiveCfg = Debug|x86
		{47FCFAD3-0F0A-4D04-BF2F-3ED0CFB4C8D9}.Debug|x86.Build.0 = Debug|x86
		{47FCFAD3-0F0A-4D04-BF2F-3ED0CFB4C8D9}.Release|Any CPU.ActiveCfg = Release|Any CPU
		{47FCFAD3-0F0A-4D04-BF2F-3ED0CFB4C8D9}.Release|Any CPU.Build.0 = Release|Any CPU
		{47FCFAD3-0F0A-4D04-BF2F-3ED0CFB4C8D9}.Release|ARM.ActiveCfg = Release|ARM
		{47FCFAD3-0F0A-4D04-BF2F-3ED0CFB4C8D9}.Release|ARM.Build.0 = Release|ARM
		{47FCFAD3-0F0A-4D04-BF2F-3ED0CFB4C8D9}.Release|x64.ActiveCfg = Release|x64
		{47FCFAD3-0F0A-4D04-BF2F-3ED0CFB4C8D9}.Release|x64.Build.0 = Release|x64
		{47FCFAD3-0F0A-4D04-BF2F-3ED0CFB4C8D9}.Release|x86.ActiveCfg = Release|x86
		{47FCFAD3-0F0A-4D04-BF2F-3ED0CFB4C8D9}.Release|x86.Build.0 = Release|x86
		{1AF84D55-50CE-4A1C-83B5-2D9731DBF9A0}.Debug|Any CPU.ActiveCfg = Debug|Any CPU
		{1AF84D55-50CE-4A1C-83B5-2D9731DBF9A0}.Debug|Any CPU.Build.0 = Debug|Any CPU
		{1AF84D55-50CE-4A1C-83B5-2D9731DBF9A0}.Debug|ARM.ActiveCfg = Debug|ARM
		{1AF84D55-50CE-4A1C-83B5-2D9731DBF9A0}.Debug|ARM.Build.0 = Debug|ARM
		{1AF84D55-50CE-4A1C-83B5-2D9731DBF9A0}.Debug|x64.ActiveCfg = Debug|x64
		{1AF84D55-50CE-4A1C-83B5-2D9731DBF9A0}.Debug|x64.Build.0 = Debug|x64
		{1AF84D55-50CE-4A1C-83B5-2D9731DBF9A0}.Debug|x86.ActiveCfg = Debug|x86
		{1AF84D55-50CE-4A1C-83B5-2D9731DBF9A0}.Debug|x86.Build.0 = Debug|x86
		{1AF84D55-50CE-4A1C-83B5-2D9731DBF9A0}.Release|Any CPU.ActiveCfg = Release|Any CPU
		{1AF84D55-50CE-4A1C-83B5-2D9731DBF9A0}.Release|Any CPU.Build.0 = Release|Any CPU
		{1AF84D55-50CE-4A1C-83B5-2D9731DBF9A0}.Release|ARM.ActiveCfg = Release|ARM
		{1AF84D55-50CE-4A1C-83B5-2D9731DBF9A0}.Release|ARM.Build.0 = Release|ARM
		{1AF84D55-50CE-4A1C-83B5-2D9731DBF9A0}.Release|x64.ActiveCfg = Release|x64
		{1AF84D55-50CE-4A1C-83B5-2D9731DBF9A0}.Release|x64.Build.0 = Release|x64
		{1AF84D55-50CE-4A1C-83B5-2D9731DBF9A0}.Release|x86.ActiveCfg = Release|x86
		{1AF84D55-50CE-4A1C-83B5-2D9731DBF9A0}.Release|x86.Build.0 = Release|x86
		{81A9FC63-E9A7-4FA0-BA67-0DEEF17D2E82}.Debug|Any CPU.ActiveCfg = Debug|Any CPU
		{81A9FC63-E9A7-4FA0-BA67-0DEEF17D2E82}.Debug|Any CPU.Build.0 = Debug|Any CPU
		{81A9FC63-E9A7-4FA0-BA67-0DEEF17D2E82}.Debug|ARM.ActiveCfg = Debug|ARM
		{81A9FC63-E9A7-4FA0-BA67-0DEEF17D2E82}.Debug|ARM.Build.0 = Debug|ARM
		{81A9FC63-E9A7-4FA0-BA67-0DEEF17D2E82}.Debug|x64.ActiveCfg = Debug|x64
		{81A9FC63-E9A7-4FA0-BA67-0DEEF17D2E82}.Debug|x64.Build.0 = Debug|x64
		{81A9FC63-E9A7-4FA0-BA67-0DEEF17D2E82}.Debug|x86.ActiveCfg = Debug|x86
		{81A9FC63-E9A7-4FA0-BA67-0DEEF17D2E82}.Debug|x86.Build.0 = Debug|x86
		{81A9FC63-E9A7-4FA0-BA67-0DEEF17D2E82}.Release|Any CPU.ActiveCfg = Release|Any CPU
		{81A9FC63-E9A7-4FA0-BA67-0DEEF17D2E82}.Release|Any CPU.Build.0 = Release|Any CPU
		{81A9FC63-E9A7-4FA0-BA67-0DEEF17D2E82}.Release|ARM.ActiveCfg = Release|ARM
		{81A9FC63-E9A7-4FA0-BA67-0DEEF17D2E82}.Release|ARM.Build.0 = Release|ARM
		{81A9FC63-E9A7-4FA0-BA67-0DEEF17D2E82}.Release|x64.ActiveCfg = Release|x64
		{81A9FC63-E9A7-4FA0-BA67-0DEEF17D2E82}.Release|x64.Build.0 = Release|x64
		{81A9FC63-E9A7-4FA0-BA67-0DEEF17D2E82}.Release|x86.ActiveCfg = Release|x86
		{81A9FC63-E9A7-4FA0-BA67-0DEEF17D2E82}.Release|x86.Build.0 = Release|x86
		{47629830-C736-42BF-B1EF-0758E29D7772}.Debug|Any CPU.ActiveCfg = Debug|Any CPU
		{47629830-C736-42BF-B1EF-0758E29D7772}.Debug|Any CPU.Build.0 = Debug|Any CPU
		{47629830-C736-42BF-B1EF-0758E29D7772}.Debug|ARM.ActiveCfg = Debug|ARM
		{47629830-C736-42BF-B1EF-0758E29D7772}.Debug|ARM.Build.0 = Debug|ARM
		{47629830-C736-42BF-B1EF-0758E29D7772}.Debug|x64.ActiveCfg = Debug|x64
		{47629830-C736-42BF-B1EF-0758E29D7772}.Debug|x64.Build.0 = Debug|x64
		{47629830-C736-42BF-B1EF-0758E29D7772}.Debug|x86.ActiveCfg = Debug|x86
		{47629830-C736-42BF-B1EF-0758E29D7772}.Debug|x86.Build.0 = Debug|x86
		{47629830-C736-42BF-B1EF-0758E29D7772}.Release|Any CPU.ActiveCfg = Release|Any CPU
		{47629830-C736-42BF-B1EF-0758E29D7772}.Release|Any CPU.Build.0 = Release|Any CPU
		{47629830-C736-42BF-B1EF-0758E29D7772}.Release|ARM.ActiveCfg = Release|ARM
		{47629830-C736-42BF-B1EF-0758E29D7772}.Release|ARM.Build.0 = Release|ARM
		{47629830-C736-42BF-B1EF-0758E29D7772}.Release|x64.ActiveCfg = Release|x64
		{47629830-C736-42BF-B1EF-0758E29D7772}.Release|x64.Build.0 = Release|x64
		{47629830-C736-42BF-B1EF-0758E29D7772}.Release|x86.ActiveCfg = Release|x86
		{47629830-C736-42BF-B1EF-0758E29D7772}.Release|x86.Build.0 = Release|x86
		{B0D1A258-A359-42B2-8A3F-7343B042A170}.Debug|Any CPU.ActiveCfg = Debug|Any CPU
		{B0D1A258-A359-42B2-8A3F-7343B042A170}.Debug|Any CPU.Build.0 = Debug|Any CPU
		{B0D1A258-A359-42B2-8A3F-7343B042A170}.Debug|ARM.ActiveCfg = Debug|ARM
		{B0D1A258-A359-42B2-8A3F-7343B042A170}.Debug|ARM.Build.0 = Debug|ARM
		{B0D1A258-A359-42B2-8A3F-7343B042A170}.Debug|x64.ActiveCfg = Debug|x64
		{B0D1A258-A359-42B2-8A3F-7343B042A170}.Debug|x64.Build.0 = Debug|x64
		{B0D1A258-A359-42B2-8A3F-7343B042A170}.Debug|x86.ActiveCfg = Debug|x86
		{B0D1A258-A359-42B2-8A3F-7343B042A170}.Debug|x86.Build.0 = Debug|x86
		{B0D1A258-A359-42B2-8A3F-7343B042A170}.Release|Any CPU.ActiveCfg = Release|Any CPU
		{B0D1A258-A359-42B2-8A3F-7343B042A170}.Release|Any CPU.Build.0 = Release|Any CPU
		{B0D1A258-A359-42B2-8A3F-7343B042A170}.Release|ARM.ActiveCfg = Release|ARM
		{B0D1A258-A359-42B2-8A3F-7343B042A170}.Release|ARM.Build.0 = Release|ARM
		{B0D1A258-A359-42B2-8A3F-7343B042A170}.Release|x64.ActiveCfg = Release|x64
		{B0D1A258-A359-42B2-8A3F-7343B042A170}.Release|x64.Build.0 = Release|x64
		{B0D1A258-A359-42B2-8A3F-7343B042A170}.Release|x86.ActiveCfg = Release|x86
		{B0D1A258-A359-42B2-8A3F-7343B042A170}.Release|x86.Build.0 = Release|x86
	EndGlobalSection
	GlobalSection(SolutionProperties) = preSolution
		HideSolutionNode = FALSE
	EndGlobalSection
	GlobalSection(ExtensibilityGlobals) = postSolution
		SolutionGuid = {AC565090-11FF-4020-9B26-E8E1751C485B}
	EndGlobalSection
EndGlobal
